{
  "pins" : [
    {
      "identity" : "flac-package",
      "kind" : "remoteSourceControl",
      "location" : "https://github.com/de4me/FLAC-package",
      "state" : {
        "revision" : "dab474344afd529fb1e5ef937ee356d38dc07be3",
        "version" : "1.4.3"
      }
    },
    {
      "identity" : "mpg123-package",
      "kind" : "remoteSourceControl",
      "location" : "https://github.com/de4me/mpg123-package",
      "state" : {
        "revision" : "cd7ede2a195d2a10bdc676bc0361e33152bad4ea",
        "version" : "1.32.4"
      }
    },
    {
      "identity" : "ogg-package",
      "kind" : "remoteSourceControl",
      "location" : "https://github.com/de4me/ogg-package",
      "state" : {
        "revision" : "45779b913fdd581aaf845eb25b7bc903ad3d753c",
        "version" : "1.3.5"
      }
    },
    {
      "identity" : "sdl-package",
      "kind" : "remoteSourceControl",
      "location" : "https://github.com/de4me/SDL-package",
      "state" : {
        "revision" : "e36dcd48bb012ab520dd80d5d7c8945c4df3fba8",
        "version" : "1.2.15"
      }
    },
    {
      "identity" : "sdl_net-package",
      "kind" : "remoteSourceControl",
      "location" : "https://github.com/de4me/SDL_net-package",
      "state" : {
        "revision" : "2edcca895ec9d3bcddcbdbe0b9c87b3f533d0aff",
        "version" : "1.2.9"
      }
    },
    {
      "identity" : "sdl_sound-package",
      "kind" : "remoteSourceControl",
      "location" : "https://github.com/de4me/SDL_sound-package",
      "state" : {
        "revision" : "fdea764f18544244e36d13c657ce6b283108e2c4",
        "version" : "1.0.4"
      }
    },
    {
      "identity" : "vorbis-package",
      "kind" : "remoteSourceControl",
      "location" : "https://github.com/de4me/vorbis-package",
      "state" : {
        "revision" : "7383edb52642b04207db94d7878de992aea92763",
        "version" : "1.3.7"
      }
    }
  ],
  "version" : 2
}
